PODS:
  - AccessControlClient (7.0.0):
    - CommonUtils (~> 7.0)
  - Backbase (7.1.0)
  - CommonUtils (7.0.0):
    - Backbase (>= 7.1)
  - ContactsClient (7.0.0):
    - CommonUtils (~> 7.0)
  - NotificationsClient (7.0.0):
    - CommonUtils (~> 7.0)
  - PaymentOrderClient (7.0.0):
    - CommonUtils (~> 7.0)
  - ProductsClient (7.0.0):
    - CommonUtils (~> 7.0)
  - RxSwift (5.1.1)
  - TCBDomain (1.0.4):
    - RxSwift (~> 5.0)
  - TransactionsClient (7.0.0):
    - CommonUtils (~> 7.0)
  - UserProfileClient (7.0.0):
    - CommonUtils (~> 7.0)

DEPENDENCIES:
  - AccessControlClient (= 7.0.0)
  - Backbase (= 7.1)
  - CommonUtils (= 7.0.0)
  - ContactsClient (= 7.0.0)
  - NotificationsClient (= 7.0.0)
  - PaymentOrderClient (= 7.0.0)
  - ProductsClient (= 7.0.0)
  - TCBDomain (from `https://bitbucket.techcombank.com.vn/scm/toreombb/iostcbcore.git`, tag `1.0.4`)
  - TransactionsClient (= 7.0.0)
  - UserProfileClient (= 7.0.0)

SPEC REPOS:
  https://repo.backbase.com/api/pods/ios-retail3:
    - AccessControlClient
    - CommonUtils
    - ContactsClient
    - NotificationsClient
    - PaymentOrderClient
    - ProductsClient
    - TransactionsClient
    - UserProfileClient
  https://repo.backbase.com/api/pods/ios3:
    - Backbase
  trunk:
    - RxSwift

EXTERNAL SOURCES:
  TCBDomain:
    :git: https://bitbucket.techcombank.com.vn/scm/toreombb/iostcbcore.git
    :tag: 1.0.4

CHECKOUT OPTIONS:
  TCBDomain:
    :git: https://bitbucket.techcombank.com.vn/scm/toreombb/iostcbcore.git
    :tag: 1.0.4

SPEC CHECKSUMS:
  AccessControlClient: 4011ded668f05ab7b477b569053a6441c4aba72c
  Backbase: ad50ec967c322d88273b2df92fe4473bbb8358b0
  CommonUtils: 0d5a74c491962af44f442c4f00ec389e2064be44
  ContactsClient: 74818b592ed3d2faff1d1ffaae729a67c88ee222
  NotificationsClient: 946e3e2a77051f3f74581baa5e6edad3b384f561
  PaymentOrderClient: 1790279c53c2105963afc328cc08c8ba5778637e
  ProductsClient: 79d712edc061937c53edf6a38835049ae3b2e241
  RxSwift: 81470a2074fa8780320ea5fe4102807cb7118178
  TCBDomain: 47a7feeef57230322dadbc05f07006cdff6275a7
  TransactionsClient: f477a33ecc4770b74aa8c957cfb00715c98d9fca
  UserProfileClient: 8beb39a520797eda10b10a9d13fc88ef9fba6ab1

PODFILE CHECKSUM: 218cdbcdd05cf82300953ed7086e1427a70f070b

COCOAPODS: 1.10.0
